
Microsoft Visual Studio Solution File, Format Version 12.00
# Visual Studio Version 16
VisualStudioVersion = 16.0.29905.134
MinimumVisualStudioVersion = 10.0.40219.1
Project("{2150E333-8FDC-42A3-9474-1A3956D46DE8}") = "Solution Items", "Solution Items", "{430A7F2F-3954-4C82-8311-1844B7C28E08}"
	ProjectSection(SolutionItems) = preProject
		README.md = README.md
	EndProjectSection
EndProject
Project("{9A19103F-16F7-4668-BE54-9A1E7A4F7556}") = "Template.API", "Template.API\Template.API.csproj", "{E55B62BA-2966-4859-9BB0-C87CADE79262}"
EndProject
Project("{9A19103F-16F7-4668-BE54-9A1E7A4F7556}") = "Template.API.Data", "Template.API.Data\Template.API.Data.csproj", "{0136EDD9-BF7F-44E1-BB93-D05E36E345E2}"
EndProject
Project("{9A19103F-16F7-4668-BE54-9A1E7A4F7556}") = "Template.API.Services", "Template.API.Services\Template.API.Services.csproj", "{68D963AF-6439-4115-AD10-3E68DD80D39E}"
EndProject
Global
	GlobalSection(SolutionConfigurationPlatforms) = preSolution
		Debug|Any CPU = Debug|Any CPU
		Release|Any CPU = Release|Any CPU
	EndGlobalSection
	GlobalSection(ProjectConfigurationPlatforms) = postSolution
		{E55B62BA-2966-4859-9BB0-C87CADE79262}.Debug|Any CPU.ActiveCfg = Debug|Any CPU
		{E55B62BA-2966-4859-9BB0-C87CADE79262}.Debug|Any CPU.Build.0 = Debug|Any CPU
		{E55B62BA-2966-4859-9BB0-C87CADE79262}.Release|Any CPU.ActiveCfg = Release|Any CPU
		{E55B62BA-2966-4859-9BB0-C87CADE79262}.Release|Any CPU.Build.0 = Release|Any CPU
		{0136EDD9-BF7F-44E1-BB93-D05E36E345E2}.Debug|Any CPU.ActiveCfg = Debug|Any CPU
		{0136EDD9-BF7F-44E1-BB93-D05E36E345E2}.Debug|Any CPU.Build.0 = Debug|Any CPU
		{0136EDD9-BF7F-44E1-BB93-D05E36E345E2}.Release|Any CPU.ActiveCfg = Release|Any CPU
		{0136EDD9-BF7F-44E1-BB93-D05E36E345E2}.Release|Any CPU.Build.0 = Release|Any CPU
		{68D963AF-6439-4115-AD10-3E68DD80D39E}.Debug|Any CPU.ActiveCfg = Debug|Any CPU
		{68D963AF-6439-4115-AD10-3E68DD80D39E}.Debug|Any CPU.Build.0 = Debug|Any CPU
		{68D963AF-6439-4115-AD10-3E68DD80D39E}.Release|Any CPU.ActiveCfg = Release|Any CPU
		{68D963AF-6439-4115-AD10-3E68DD80D39E}.Release|Any CPU.Build.0 = Release|Any CPU
	EndGlobalSection
	GlobalSection(SolutionProperties) = preSolution
		HideSolutionNode = FALSE
	EndGlobalSection
	GlobalSection(ExtensibilityGlobals) = postSolution
		SolutionGuid = {E0CD5A45-377B-4728-BE4A-B8E694EEC0F3}
	EndGlobalSection
EndGlobal
